// !$*UTF8*$!
{
	archiveVersion = 1;
	classes = {
	};
	objectVersion = 56;
	objects = {

/* Begin PBXBuildFile section */
		1E249ADF2AB5DEA8007F7657 /* WallpaperAppApp.swift in Sources */ = {isa = PBXBuildFile; fileRef = 1E249ADE2AB5DEA8007F7657 /* WallpaperAppApp.swift */; };
		1E249AE12AB5DEA8007F7657 /* ContentView.swift in Sources */ = {isa = PBXBuildFile; fileRef = 1E249AE02AB5DEA8007F7657 /* ContentView.swift */; };
		1E249AE32AB5DEAB007F7657 /* Assets.xcassets in Resources */ = {isa = PBXBuildFile; fileRef = 1E249AE22AB5DEAB007F7657 /* Assets.xcassets */; };
		1E249AE72AB5DEAB007F7657 /* Preview Assets.xcassets in Resources */ = {isa = PBXBuildFile; fileRef = 1E249AE62AB5DEAB007F7657 /* Preview Assets.xcassets */; };
		1E249AEF2AB5DFEB007F7657 /* OnboardingView.swift in Sources */ = {isa = PBXBuildFile; fileRef = 1E249AEE2AB5DFEB007F7657 /* OnboardingView.swift */; };
		1E249AF22AB5E2F7007F7657 /* Font+.swift in Sources */ = {isa = PBXBuildFile; fileRef = 1E249AF12AB5E2F7007F7657 /* Font+.swift */; };
		1E249AF52AB5E82A007F7657 /* Shapes.swift in Sources */ = {isa = PBXBuildFile; fileRef = 1E249AF42AB5E82A007F7657 /* Shapes.swift */; };
		1E249AF72AB5EA06007F7657 /* CardView.swift in Sources */ = {isa = PBXBuildFile; fileRef = 1E249AF62AB5EA06007F7657 /* CardView.swift */; };
		1E249AF92AB5EBBC007F7657 /* IconView.swift in Sources */ = {isa = PBXBuildFile; fileRef = 1E249AF82AB5EBBB007F7657 /* IconView.swift */; };
		1E249AFB2AB5F539007F7657 /* PaginationIndicatorView.swift in Sources */ = {isa = PBXBuildFile; fileRef = 1E249AFA2AB5F539007F7657 /* PaginationIndicatorView.swift */; };
		1E38ED3A2AB5FDA2002D8AE8 /* Colors.xcassets in Resources */ = {isa = PBXBuildFile; fileRef = 1E38ED392AB5FDA2002D8AE8 /* Colors.xcassets */; };
		1E38ED3C2AB5FE63002D8AE8 /* Color+.swift in Sources */ = {isa = PBXBuildFile; fileRef = 1E38ED3B2AB5FE63002D8AE8 /* Color+.swift */; };
		1E48E0A12AB6C50A00E11C14 /* HomeView.swift in Sources */ = {isa = PBXBuildFile; fileRef = 1E48E0A02AB6C50A00E11C14 /* HomeView.swift */; };
		1E48E0A32AB6CD8200E11C14 /* WallpaperCardView.swift in Sources */ = {isa = PBXBuildFile; fileRef = 1E48E0A22AB6CD8200E11C14 /* WallpaperCardView.swift */; };
		1E48E0A52AB6DE9100E11C14 /* CollectionView.swift in Sources */ = {isa = PBXBuildFile; fileRef = 1E48E0A42AB6DE9100E11C14 /* CollectionView.swift */; };
/* End PBXBuildFile section */

/* Begin PBXFileReference section */
		1E249ADB2AB5DEA8007F7657 /* WallpaperApp.app */ = {isa = PBXFileReference; explicitFileType = wrapper.application; includeInIndex = 0; path = WallpaperApp.app; sourceTree = BUILT_PRODUCTS_DIR; };
		1E249ADE2AB5DEA8007F7657 /* WallpaperAppApp.swift */ = {isa = PBXFileReference; lastKnownFileType = sourcecode.swift; path = WallpaperAppApp.swift; sourceTree = "<group>"; };
		1E249AE02AB5DEA8007F7657 /* ContentView.swift */ = {isa = PBXFileReference; lastKnownFileType = sourcecode.swift; path = ContentView.swift; sourceTree = "<group>"; };
		1E249AE22AB5DEAB007F7657 /* Assets.xcassets */ = {isa = PBXFileReference; lastKnownFileType = folder.assetcatalog; path = Assets.xcassets; sourceTree = "<group>"; };
		1E249AE42AB5DEAB007F7657 /* WallpaperApp.entitlements */ = {isa = PBXFileReference; lastKnownFileType = text.plist.entitlements; path = WallpaperApp.entitlements; sourceTree = "<group>"; };
		1E249AE62AB5DEAB007F7657 /* Preview Assets.xcassets */ = {isa = PBXFileReference; lastKnownFileType = folder.assetcatalog; path = "Preview Assets.xcassets"; sourceTree = "<group>"; };
		1E249AEE2AB5DFEB007F7657 /* OnboardingView.swift */ = {isa = PBXFileReference; lastKnownFileType = sourcecode.swift; path = OnboardingView.swift; sourceTree = "<group>"; };
		1E249AF12AB5E2F7007F7657 /* Font+.swift */ = {isa = PBXFileReference; lastKnownFileType = sourcecode.swift; path = "Font+.swift"; sourceTree = "<group>"; };
		1E249AF42AB5E82A007F7657 /* Shapes.swift */ = {isa = PBXFileReference; lastKnownFileType = sourcecode.swift; path = Shapes.swift; sourceTree = "<group>"; };
		1E249AF62AB5EA06007F7657 /* CardView.swift */ = {isa = PBXFileReference; lastKnownFileType = sourcecode.swift; path = CardView.swift; sourceTree = "<group>"; };
		1E249AF82AB5EBBB007F7657 /* IconView.swift */ = {isa = PBXFileReference; lastKnownFileType = sourcecode.swift; path = IconView.swift; sourceTree = "<group>"; };
		1E249AFA2AB5F539007F7657 /* PaginationIndicatorView.swift */ = {isa = PBXFileReference; lastKnownFileType = sourcecode.swift; path = PaginationIndicatorView.swift; sourceTree = "<group>"; };
		1E38ED392AB5FDA2002D8AE8 /* Colors.xcassets */ = {isa = PBXFileReference; lastKnownFileType = folder.assetcatalog; path = Colors.xcassets; sourceTree = "<group>"; };
		1E38ED3B2AB5FE63002D8AE8 /* Color+.swift */ = {isa = PBXFileReference; lastKnownFileType = sourcecode.swift; path = "Color+.swift"; sourceTree = "<group>"; };
		1E48E0A02AB6C50A00E11C14 /* HomeView.swift */ = {isa = PBXFileReference; lastKnownFileType = sourcecode.swift; path = HomeView.swift; sourceTree = "<group>"; };
		1E48E0A22AB6CD8200E11C14 /* WallpaperCardView.swift */ = {isa = PBXFileReference; lastKnownFileType = sourcecode.swift; path = WallpaperCardView.swift; sourceTree = "<group>"; };
		1E48E0A42AB6DE9100E11C14 /* CollectionView.swift */ = {isa = PBXFileReference; lastKnownFileType = sourcecode.swift; path = CollectionView.swift; sourceTree = "<group>"; };
/* End PBXFileReference section */

/* Begin PBXFrameworksBuildPhase section */
		1E249AD82AB5DEA8007F7657 /* Frameworks */ = {
			isa = PBXFrameworksBuildPhase;
			buildActionMask = 2147483647;
			files = (
			);
			runOnlyForDeploymentPostprocessing = 0;
		};
/* End PBXFrameworksBuildPhase section */

/* Begin PBXGroup section */
		1E249AD22AB5DEA8007F7657 = {
			isa = PBXGroup;
			children = (
				1E249ADD2AB5DEA8007F7657 /* WallpaperApp */,
				1E249ADC2AB5DEA8007F7657 /* Products */,
			);
			sourceTree = "<group>";
		};
		1E249ADC2AB5DEA8007F7657 /* Products */ = {
			isa = PBXGroup;
			children = (
				1E249ADB2AB5DEA8007F7657 /* WallpaperApp.app */,
			);
			name = Products;
			sourceTree = "<group>";
		};
		1E249ADD2AB5DEA8007F7657 /* WallpaperApp */ = {
			isa = PBXGroup;
			children = (
				1E249AED2AB5DFDE007F7657 /* Views */,
				1E249ADE2AB5DEA8007F7657 /* WallpaperAppApp.swift */,
				1E249AE02AB5DEA8007F7657 /* ContentView.swift */,
				1E249AF32AB5E819007F7657 /* Components */,
				1E249AF02AB5E2E6007F7657 /* Extensions */,
				1E249AE22AB5DEAB007F7657 /* Assets.xcassets */,
				1E38ED392AB5FDA2002D8AE8 /* Colors.xcassets */,
				1E249AE42AB5DEAB007F7657 /* WallpaperApp.entitlements */,
				1E249AE52AB5DEAB007F7657 /* Preview Content */,
			);
			path = WallpaperApp;
			sourceTree = "<group>";
		};
		1E249AE52AB5DEAB007F7657 /* Preview Content */ = {
			isa = PBXGroup;
			children = (
				1E249AE62AB5DEAB007F7657 /* Preview Assets.xcassets */,
			);
			path = "Preview Content";
			sourceTree = "<group>";
		};
		1E249AED2AB5DFDE007F7657 /* Views */ = {
			isa = PBXGroup;
			children = (
				1E249AEE2AB5DFEB007F7657 /* OnboardingView.swift */,
				1E48E0A02AB6C50A00E11C14 /* HomeView.swift */,
				1E48E0A42AB6DE9100E11C14 /* CollectionView.swift */,
			);
			path = Views;
			sourceTree = "<group>";
		};
		1E249AF02AB5E2E6007F7657 /* Extensions */ = {
			isa = PBXGroup;
			children = (
				1E249AF12AB5E2F7007F7657 /* Font+.swift */,
				1E38ED3B2AB5FE63002D8AE8 /* Color+.swift */,
			);
			path = Extensions;
			sourceTree = "<group>";
		};
		1E249AF32AB5E819007F7657 /* Components */ = {
			isa = PBXGroup;
			children = (
				1E249AF42AB5E82A007F7657 /* Shapes.swift */,
				1E249AF62AB5EA06007F7657 /* CardView.swift */,
				1E249AF82AB5EBBB007F7657 /* IconView.swift */,
				1E249AFA2AB5F539007F7657 /* PaginationIndicatorView.swift */,
				1E48E0A22AB6CD8200E11C14 /* WallpaperCardView.swift */,
			);
			path = Components;
			sourceTree = "<group>";
		};
/* End PBXGroup section */

/* Begin PBXNativeTarget section */
		1E249ADA2AB5DEA8007F7657 /* WallpaperApp */ = {
			isa = PBXNativeTarget;
			buildConfigurationList = 1E249AEA2AB5DEAB007F7657 /* Build configuration list for PBXNativeTarget "WallpaperApp" */;
			buildPhases = (
				1E249AD72AB5DEA8007F7657 /* Sources */,
				1E249AD82AB5DEA8007F7657 /* Frameworks */,
				1E249AD92AB5DEA8007F7657 /* Resources */,
			);
			buildRules = (
			);
			dependencies = (
			);
			name = WallpaperApp;
			productName = WallpaperApp;
			productReference = 1E249ADB2AB5DEA8007F7657 /* WallpaperApp.app */;
			productType = "com.apple.product-type.application";
		};
/* End PBXNativeTarget section */

/* Begin PBXProject section */
		1E249AD32AB5DEA8007F7657 /* Project object */ = {
			isa = PBXProject;
			attributes = {
				BuildIndependentTargetsInParallel = 1;
				LastSwiftUpdateCheck = 1430;
				LastUpgradeCheck = 1430;
				TargetAttributes = {
					1E249ADA2AB5DEA8007F7657 = {
						CreatedOnToolsVersion = 14.3.1;
					};
				};
			};
			buildConfigurationList = 1E249AD62AB5DEA8007F7657 /* Build configuration list for PBXProject "WallpaperApp" */;
			compatibilityVersion = "Xcode 14.0";
			developmentRegion = en;
			hasScannedForEncodings = 0;
			knownRegions = (
				en,
				Base,
			);
			mainGroup = 1E249AD22AB5DEA8007F7657;
			productRefGroup = 1E249ADC2AB5DEA8007F7657 /* Products */;
			projectDirPath = "";
			projectRoot = "";
			targets = (
				1E249ADA2AB5DEA8007F7657 /* WallpaperApp */,
			);
		};
/* End PBXProject section */

/* Begin PBXResourcesBuildPhase section */
		1E249AD92AB5DEA8007F7657 /* Resources */ = {
			isa = PBXResourcesBuildPhase;
			buildActionMask = 2147483647;
			files = (
				1E38ED3A2AB5FDA2002D8AE8 /* Colors.xcassets in Resources */,
				1E249AE72AB5DEAB007F7657 /* Preview Assets.xcassets in Resources */,
				1E249AE32AB5DEAB007F7657 /* Assets.xcassets in Resources */,
			);
			runOnlyForDeploymentPostprocessing = 0;
		};
/* End PBXResourcesBuildPhase section */

/* Begin PBXSourcesBuildPhase section */
		1E249AD72AB5DEA8007F7657 /* Sources */ = {
			isa = PBXSourcesBuildPhase;
			buildActionMask = 2147483647;
			files = (
				1E249AF22AB5E2F7007F7657 /* Font+.swift in Sources */,
				1E38ED3C2AB5FE63002D8AE8 /* Color+.swift in Sources */,
				1E249AF92AB5EBBC007F7657 /* IconView.swift in Sources */,
				1E48E0A32AB6CD8200E11C14 /* WallpaperCardView.swift in Sources */,
				1E48E0A12AB6C50A00E11C14 /* HomeView.swift in Sources */,
				1E249AFB2AB5F539007F7657 /* PaginationIndicatorView.swift in Sources */,
				1E48E0A52AB6DE9100E11C14 /* CollectionView.swift in Sources */,
				1E249AEF2AB5DFEB007F7657 /* OnboardingView.swift in Sources */,
				1E249AE12AB5DEA8007F7657 /* ContentView.swift in Sources */,
				1E249ADF2AB5DEA8007F7657 /* WallpaperAppApp.swift in Sources */,
				1E249AF72AB5EA06007F7657 /* CardView.swift in Sources */,
				1E249AF52AB5E82A007F7657 /* Shapes.swift in Sources */,
			);
			runOnlyForDeploymentPostprocessing = 0;
		};
/* End PBXSourcesBuildPhase section */

/* Begin XCBuildConfiguration section */
		1E249AE82AB5DEAB007F7657 /* Debug */ = {
			isa = XCBuildConfiguration;
			buildSettings = {
				ALWAYS_SEARCH_USER_PATHS = NO;
				CLANG_ANALYZER_NONNULL = YES;
				CLANG_ANALYZER_NUMBER_OBJECT_CONVERSION = YES_AGGRESSIVE;
				CLANG_CXX_LANGUAGE_STANDARD = "gnu++20";
				CLANG_ENABLE_MODULES = YES;
				CLANG_ENABLE_OBJC_ARC = YES;
				CLANG_ENABLE_OBJC_WEAK = YES;
				CLANG_WARN_BLOCK_CAPTURE_AUTORELEASING = YES;
				CLANG_WARN_BOOL_CONVERSION = YES;
				CLANG_WARN_COMMA = YES;
				CLANG_WARN_CONSTANT_CONVERSION = YES;
				CLANG_WARN_DEPRECATED_OBJC_IMPLEMENTATIONS = YES;
				CLANG_WARN_DIRECT_OBJC_ISA_USAGE = YES_ERROR;
				CLANG_WARN_DOCUMENTATION_COMMENTS = YES;
				CLANG_WARN_EMPTY_BODY = YES;
				CLANG_WARN_ENUM_CONVERSION = YES;
				CLANG_WARN_INFINITE_RECURSION = YES;
				CLANG_WARN_INT_CONVERSION = YES;
				CLANG_WARN_NON_LITERAL_NULL_CONVERSION = YES;
				CLANG_WARN_OBJC_IMPLICIT_RETAIN_SELF = YES;
				CLANG_WARN_OBJC_LITERAL_CONVERSION = YES;
				CLANG_WARN_OBJC_ROOT_CLASS = YES_ERROR;
				CLANG_WARN_QUOTED_INCLUDE_IN_FRAMEWORK_HEADER = YES;
				CLANG_WARN_RANGE_LOOP_ANALYSIS = YES;
				CLANG_WARN_STRICT_PROTOTYPES = YES;
				CLANG_WARN_SUSPICIOUS_MOVE = YES;
				CLANG_WARN_UNGUARDED_AVAILABILITY = YES_AGGRESSIVE;
				CLANG_WARN_UNREACHABLE_CODE = YES;
				CLANG_WARN__DUPLICATE_METHOD_MATCH = YES;
				COPY_PHASE_STRIP = NO;
				DEBUG_INFORMATION_FORMAT = dwarf;
				ENABLE_STRICT_OBJC_MSGSEND = YES;
				ENABLE_TESTABILITY = YES;
				GCC_C_LANGUAGE_STANDARD = gnu11;
				GCC_DYNAMIC_NO_PIC = NO;
				GCC_NO_COMMON_BLOCKS = YES;
				GCC_OPTIMIZATION_LEVEL = 0;
				GCC_PREPROCESSOR_DEFINITIONS = (
					"DEBUG=1",
					"$(inherited)",
				);
				GCC_WARN_64_TO_32_BIT_CONVERSION = YES;
				GCC_WARN_ABOUT_RETURN_TYPE = YES_ERROR;
				GCC_WARN_UNDECLARED_SELECTOR = YES;
				GCC_WARN_UNINITIALIZED_AUTOS = YES_AGGRESSIVE;
				GCC_WARN_UNUSED_FUNCTION = YES;
				GCC_WARN_UNUSED_VARIABLE = YES;
				MTL_ENABLE_DEBUG_INFO = INCLUDE_SOURCE;
				MTL_FAST_MATH = YES;
				ONLY_ACTIVE_ARCH = YES;
				SWIFT_ACTIVE_COMPILATION_CONDITIONS = DEBUG;
				SWIFT_OPTIMIZATION_LEVEL = "-Onone";
			};
			name = Debug;
		};
		1E249AE92AB5DEAB007F7657 /* Release */ = {
			isa = XCBuildConfiguration;
			buildSettings = {
				ALWAYS_SEARCH_USER_PATHS = NO;
				CLANG_ANALYZER_NONNULL = YES;
				CLANG_ANALYZER_NUMBER_OBJECT_CONVERSION = YES_AGGRESSIVE;
				CLANG_CXX_LANGUAGE_STANDARD = "gnu++20";
				CLANG_ENABLE_MODULES = YES;
				CLANG_ENABLE_OBJC_ARC = YES;
				CLANG_ENABLE_OBJC_WEAK = YES;
				CLANG_WARN_BLOCK_CAPTURE_AUTORELEASING = YES;
				CLANG_WARN_BOOL_CONVERSION = YES;
				CLANG_WARN_COMMA = YES;
				CLANG_WARN_CONSTANT_CONVERSION = YES;
				CLANG_WARN_DEPRECATED_OBJC_IMPLEMENTATIONS = YES;
				CLANG_WARN_DIRECT_OBJC_ISA_USAGE = YES_ERROR;
				CLANG_WARN_DOCUMENTATION_COMMENTS = YES;
				CLANG_WARN_EMPTY_BODY = YES;
				CLANG_WARN_ENUM_CONVERSION = YES;
				CLANG_WARN_INFINITE_RECURSION = YES;
				CLANG_WARN_INT_CONVERSION = YES;
				CLANG_WARN_NON_LITERAL_NULL_CONVERSION = YES;
				CLANG_WARN_OBJC_IMPLICIT_RETAIN_SELF = YES;
				CLANG_WARN_OBJC_LITERAL_CONVERSION = YES;
				CLANG_WARN_OBJC_ROOT_CLASS = YES_ERROR;
				CLANG_WARN_QUOTED_INCLUDE_IN_FRAMEWORK_HEADER = YES;
				CLANG_WARN_RANGE_LOOP_ANALYSIS = YES;
				CLANG_WARN_STRICT_PROTOTYPES = YES;
				CLANG_WARN_SUSPICIOUS_MOVE = YES;
				CLANG_WARN_UNGUARDED_AVAILABILITY = YES_AGGRESSIVE;
				CLANG_WARN_UNREACHABLE_CODE = YES;
				CLANG_WARN__DUPLICATE_METHOD_MATCH = YES;
				COPY_PHASE_STRIP = NO;
				DEBUG_INFORMATION_FORMAT = "dwarf-with-dsym";
				ENABLE_NS_ASSERTIONS = NO;
				ENABLE_STRICT_OBJC_MSGSEND = YES;
				GCC_C_LANGUAGE_STANDARD = gnu11;
				GCC_NO_COMMON_BLOCKS = YES;
				GCC_WARN_64_TO_32_BIT_CONVERSION = YES;
				GCC_WARN_ABOUT_RETURN_TYPE = YES_ERROR;
				GCC_WARN_UNDECLARED_SELECTOR = YES;
				GCC_WARN_UNINITIALIZED_AUTOS = YES_AGGRESSIVE;
				GCC_WARN_UNUSED_FUNCTION = YES;
				GCC_WARN_UNUSED_VARIABLE = YES;
				MTL_ENABLE_DEBUG_INFO = NO;
				MTL_FAST_MATH = YES;
				SWIFT_COMPILATION_MODE = wholemodule;
				SWIFT_OPTIMIZATION_LEVEL = "-O";
			};
			name = Release;
		};
		1E249AEB2AB5DEAB007F7657 /* Debug */ = {
			isa = XCBuildConfiguration;
			buildSettings = {
				ASSETCATALOG_COMPILER_APPICON_NAME = AppIcon;
				ASSETCATALOG_COMPILER_GLOBAL_ACCENT_COLOR_NAME = AccentColor;
				CODE_SIGN_ENTITLEMENTS = WallpaperApp/WallpaperApp.entitlements;
				CODE_SIGN_STYLE = Automatic;
				CURRENT_PROJECT_VERSION = 1;
				DEVELOPMENT_ASSET_PATHS = "\"WallpaperApp/Preview Content\"";
				DEVELOPMENT_TEAM = LVM99HLRFM;
				ENABLE_HARDENED_RUNTIME = YES;
				ENABLE_PREVIEWS = YES;
				GENERATE_INFOPLIST_FILE = YES;
				INFOPLIST_KEY_CFBundleDisplayName = Wallpaper;
				"INFOPLIST_KEY_UIApplicationSceneManifest_Generation[sdk=iphoneos*]" = YES;
				"INFOPLIST_KEY_UIApplicationSceneManifest_Generation[sdk=iphonesimulator*]" = YES;
				"INFOPLIST_KEY_UIApplicationSupportsIndirectInputEvents[sdk=iphoneos*]" = YES;
				"INFOPLIST_KEY_UIApplicationSupportsIndirectInputEvents[sdk=iphonesimulator*]" = YES;
				"INFOPLIST_KEY_UILaunchScreen_Generation[sdk=iphoneos*]" = YES;
				"INFOPLIST_KEY_UILaunchScreen_Generation[sdk=iphonesimulator*]" = YES;
				"INFOPLIST_KEY_UIStatusBarStyle[sdk=iphoneos*]" = UIStatusBarStyleDefault;
				"INFOPLIST_KEY_UIStatusBarStyle[sdk=iphonesimulator*]" = UIStatusBarStyleDefault;
				INFOPLIST_KEY_UISupportedInterfaceOrientations = UIInterfaceOrientationPortrait;
				INFOPLIST_KEY_UISupportedInterfaceOrientations_iPad = "UIInterfaceOrientationLandscapeLeft UIInterfaceOrientationLandscapeRight UIInterfaceOrientationPortrait UIInterfaceOrientationPortraitUpsideDown";
				IPHONEOS_DEPLOYMENT_TARGET = 16.0;
				LD_RUNPATH_SEARCH_PATHS = "@executable_path/Frameworks";
				"LD_RUNPATH_SEARCH_PATHS[sdk=macosx*]" = "@executable_path/../Frameworks";
				MACOSX_DEPLOYMENT_TARGET = 13.3;
				MARKETING_VERSION = 1.0;
				PRODUCT_BUNDLE_IDENTIFIER = com.WallpaperApp.shohjahon;
				PRODUCT_NAME = "$(TARGET_NAME)";
				SDKROOT = auto;
				SUPPORTED_PLATFORMS = "iphoneos iphonesimulator";
				SUPPORTS_MACCATALYST = NO;
				SUPPORTS_MAC_DESIGNED_FOR_IPHONE_IPAD = NO;
				SWIFT_EMIT_LOC_STRINGS = YES;
				SWIFT_VERSION = 5.0;
				TARGETED_DEVICE_FAMILY = 1;
			};
			name = Debug;
		};
		1E249AEC2AB5DEAB007F7657 /* Release */ = {
			isa = XCBuildConfiguration;
			buildSettings = {
				ASSETCATALOG_COMPILER_APPICON_NAME = AppIcon;
				ASSETCATALOG_COMPILER_GLOBAL_ACCENT_COLOR_NAME = AccentColor;
				CODE_SIGN_ENTITLEMENTS = WallpaperApp/WallpaperApp.entitlements;
				CODE_SIGN_STYLE = Automatic;
				CURRENT_PROJECT_VERSION = 1;
				DEVELOPMENT_ASSET_PATHS = "\"WallpaperApp/Preview Content\"";
				DEVELOPMENT_TEAM = LVM99HLRFM;
				ENABLE_HARDENED_RUNTIME = YES;
				ENABLE_PREVIEWS = YES;
				GENERATE_INFOPLIST_FILE = YES;
				INFOPLIST_KEY_CFBundleDisplayName = Wallpaper;
				"INFOPLIST_KEY_UIApplicationSceneManifest_Generation[sdk=iphoneos*]" = YES;
				"INFOPLIST_KEY_UIApplicationSceneManifest_Generation[sdk=iphonesimulator*]" = YES;
				"INFOPLIST_KEY_UIApplicationSupportsIndirectInputEvents[sdk=iphoneos*]" = YES;
				"INFOPLIST_KEY_UIApplicationSupportsIndirectInputEvents[sdk=iphonesimulator*]" = YES;
				"INFOPLIST_KEY_UILaunchScreen_Generation[sdk=iphoneos*]" = YES;
				"INFOPLIST_KEY_UILaunchScreen_Generation[sdk=iphonesimulator*]" = YES;
				"INFOPLIST_KEY_UIStatusBarStyle[sdk=iphoneos*]" = UIStatusBarStyleDefault;
				"INFOPLIST_KEY_UIStatusBarStyle[sdk=iphonesimulator*]" = UIStatusBarStyleDefault;
				INFOPLIST_KEY_UISupportedInterfaceOrientations = UIInterfaceOrientationPortrait;
				INFOPLIST_KEY_UISupportedInterfaceOrientations_iPad = "UIInterfaceOrientationLandscapeLeft UIInterfaceOrientationLandscapeRight UIInterfaceOrientationPortrait UIInterfaceOrientationPortraitUpsideDown";
				IPHONEOS_DEPLOYMENT_TARGET = 16.0;
				LD_RUNPATH_SEARCH_PATHS = "@executable_path/Frameworks";
				"LD_RUNPATH_SEARCH_PATHS[sdk=macosx*]" = "@executable_path/../Frameworks";
				MACOSX_DEPLOYMENT_TARGET = 13.3;
				MARKETING_VERSION = 1.0;
				PRODUCT_BUNDLE_IDENTIFIER = com.WallpaperApp.shohjahon;
				PRODUCT_NAME = "$(TARGET_NAME)";
				SDKROOT = auto;
				SUPPORTED_PLATFORMS = "iphoneos iphonesimulator";
				SUPPORTS_MACCATALYST = NO;
				SUPPORTS_MAC_DESIGNED_FOR_IPHONE_IPAD = NO;
				SWIFT_EMIT_LOC_STRINGS = YES;
				SWIFT_VERSION = 5.0;
				TARGETED_DEVICE_FAMILY = 1;
			};
			name = Release;
		};
/* End XCBuildConfiguration section */

/* Begin XCConfigurationList section */
		1E249AD62AB5DEA8007F7657 /* Build configuration list for PBXProject "WallpaperApp" */ = {
			isa = XCConfigurationList;
			buildConfigurations = (
				1E249AE82AB5DEAB007F7657 /* Debug */,
				1E249AE92AB5DEAB007F7657 /* Release */,
			);
			defaultConfigurationIsVisible = 0;
			defaultConfigurationName = Release;
		};
		1E249AEA2AB5DEAB007F7657 /* Build configuration list for PBXNativeTarget "WallpaperApp" */ = {
			isa = XCConfigurationList;
			buildConfigurations = (
				1E249AEB2AB5DEAB007F7657 /* Debug */,
				1E249AEC2AB5DEAB007F7657 /* Release */,
			);
			defaultConfigurationIsVisible = 0;
			defaultConfigurationName = Release;
		};
/* End XCConfigurationList section */
	};
	rootObject = 1E249AD32AB5DEA8007F7657 /* Project object */;
}
